
Microsoft Visual Studio Solution File, Format Version 12.00
# Visual Studio 15
VisualStudioVersion = 15.0.26124.0
MinimumVisualStudioVersion = 15.0.26124.0
Project("{FAE04EC0-301F-11D3-BF4B-00C04F79EFBC}") = "ej2", "ej2\ej2.csproj", "{15F6571E-4BEA-45A0-84E1-298CA04E0875}"
EndProject
Project("{FAE04EC0-301F-11D3-BF4B-00C04F79EFBC}") = "ej3", "ej3\ej3.csproj", "{CD8D3468-CB58-4699-8415-A11EA10CCB34}"
EndProject
Project("{FAE04EC0-301F-11D3-BF4B-00C04F79EFBC}") = "ej5", "ej5\ej5.csproj", "{A5BE7421-E1FC-463A-B658-E73F5708AFE7}"
EndProject
Global
	GlobalSection(SolutionConfigurationPlatforms) = preSolution
		Debug|Any CPU = Debug|Any CPU
		Debug|x64 = Debug|x64
		Debug|x86 = Debug|x86
		Release|Any CPU = Release|Any CPU
		Release|x64 = Release|x64
		Release|x86 = Release|x86
	EndGlobalSection
	GlobalSection(SolutionProperties) = preSolution
		HideSolutionNode = FALSE
	EndGlobalSection
	GlobalSection(ProjectConfigurationPlatforms) = postSolution
		{15F6571E-4BEA-45A0-84E1-298CA04E0875}.Debug|Any CPU.ActiveCfg = Debug|Any CPU
		{15F6571E-4BEA-45A0-84E1-298CA04E0875}.Debug|Any CPU.Build.0 = Debug|Any CPU
		{15F6571E-4BEA-45A0-84E1-298CA04E0875}.Debug|x64.ActiveCfg = Debug|Any CPU
		{15F6571E-4BEA-45A0-84E1-298CA04E0875}.Debug|x64.Build.0 = Debug|Any CPU
		{15F6571E-4BEA-45A0-84E1-298CA04E0875}.Debug|x86.ActiveCfg = Debug|Any CPU
		{15F6571E-4BEA-45A0-84E1-298CA04E0875}.Debug|x86.Build.0 = Debug|Any CPU
		{15F6571E-4BEA-45A0-84E1-298CA04E0875}.Release|Any CPU.ActiveCfg = Release|Any CPU
		{15F6571E-4BEA-45A0-84E1-298CA04E0875}.Release|Any CPU.Build.0 = Release|Any CPU
		{15F6571E-4BEA-45A0-84E1-298CA04E0875}.Release|x64.ActiveCfg = Release|Any CPU
		{15F6571E-4BEA-45A0-84E1-298CA04E0875}.Release|x64.Build.0 = Release|Any CPU
		{15F6571E-4BEA-45A0-84E1-298CA04E0875}.Release|x86.ActiveCfg = Release|Any CPU
		{15F6571E-4BEA-45A0-84E1-298CA04E0875}.Release|x86.Build.0 = Release|Any CPU
		{CD8D3468-CB58-4699-8415-A11EA10CCB34}.Debug|Any CPU.ActiveCfg = Debug|Any CPU
		{CD8D3468-CB58-4699-8415-A11EA10CCB34}.Debug|Any CPU.Build.0 = Debug|Any CPU
		{CD8D3468-CB58-4699-8415-A11EA10CCB34}.Debug|x64.ActiveCfg = Debug|Any CPU
		{CD8D3468-CB58-4699-8415-A11EA10CCB34}.Debug|x64.Build.0 = Debug|Any CPU
		{CD8D3468-CB58-4699-8415-A11EA10CCB34}.Debug|x86.ActiveCfg = Debug|Any CPU
		{CD8D3468-CB58-4699-8415-A11EA10CCB34}.Debug|x86.Build.0 = Debug|Any CPU
		{CD8D3468-CB58-4699-8415-A11EA10CCB34}.Release|Any CPU.ActiveCfg = Release|Any CPU
		{CD8D3468-CB58-4699-8415-A11EA10CCB34}.Release|Any CPU.Build.0 = Release|Any CPU
		{CD8D3468-CB58-4699-8415-A11EA10CCB34}.Release|x64.ActiveCfg = Release|Any CPU
		{CD8D3468-CB58-4699-8415-A11EA10CCB34}.Release|x64.Build.0 = Release|Any CPU
		{CD8D3468-CB58-4699-8415-A11EA10CCB34}.Release|x86.ActiveCfg = Release|Any CPU
		{CD8D3468-CB58-4699-8415-A11EA10CCB34}.Release|x86.Build.0 = Release|Any CPU
		{A5BE7421-E1FC-463A-B658-E73F5708AFE7}.Debug|Any CPU.ActiveCfg = Debug|Any CPU
		{A5BE7421-E1FC-463A-B658-E73F5708AFE7}.Debug|Any CPU.Build.0 = Debug|Any CPU
		{A5BE7421-E1FC-463A-B658-E73F5708AFE7}.Debug|x64.ActiveCfg = Debug|Any CPU
		{A5BE7421-E1FC-463A-B658-E73F5708AFE7}.Debug|x64.Build.0 = Debug|Any CPU
		{A5BE7421-E1FC-463A-B658-E73F5708AFE7}.Debug|x86.ActiveCfg = Debug|Any CPU
		{A5BE7421-E1FC-463A-B658-E73F5708AFE7}.Debug|x86.Build.0 = Debug|Any CPU
		{A5BE7421-E1FC-463A-B658-E73F5708AFE7}.Release|Any CPU.ActiveCfg = Release|Any CPU
		{A5BE7421-E1FC-463A-B658-E73F5708AFE7}.Release|Any CPU.Build.0 = Release|Any CPU
		{A5BE7421-E1FC-463A-B658-E73F5708AFE7}.Release|x64.ActiveCfg = Release|Any CPU
		{A5BE7421-E1FC-463A-B658-E73F5708AFE7}.Release|x64.Build.0 = Release|Any CPU
		{A5BE7421-E1FC-463A-B658-E73F5708AFE7}.Release|x86.ActiveCfg = Release|Any CPU
		{A5BE7421-E1FC-463A-B658-E73F5708AFE7}.Release|x86.Build.0 = Release|Any CPU
	EndGlobalSection
EndGlobal
